
Microsoft Visual Studio Solution File, Format Version 12.00
# Visual Studio Version 16
VisualStudioVersion = 16.0.31129.286
MinimumVisualStudioVersion = 10.0.40219.1
Project("{9A19103F-16F7-4668-BE54-9A1E7A4F7556}") = "basics", "basics\basics.csproj", "{C588FD07-B5DD-4B49-9F3A-5CE3D3ADA9D9}"
EndProject
Project("{FAE04EC0-301F-11D3-BF4B-00C04F79EFBC}") = "framework_", "framework_\framework_.csproj", "{325A460F-FF6E-4639-9350-2AF0E4EB81FD}"
EndProject
Project("{FAE04EC0-301F-11D3-BF4B-00C04F79EFBC}") = "ABP_study", "ABP_study\ABP_study.csproj", "{EA2ED369-2D37-4147-BB3A-C70A0DB67D8C}"
EndProject
Project("{FAE04EC0-301F-11D3-BF4B-00C04F79EFBC}") = "TentacleApp", "TentacleApp\TentacleApp.csproj", "{1C8000E7-90FD-477A-9555-FD9842699059}"
EndProject
Global
	GlobalSection(SolutionConfigurationPlatforms) = preSolution
		Debug|Any CPU = Debug|Any CPU
		Release|Any CPU = Release|Any CPU
	EndGlobalSection
	GlobalSection(ProjectConfigurationPlatforms) = postSolution
		{C588FD07-B5DD-4B49-9F3A-5CE3D3ADA9D9}.Debug|Any CPU.ActiveCfg = Debug|Any CPU
		{C588FD07-B5DD-4B49-9F3A-5CE3D3ADA9D9}.Debug|Any CPU.Build.0 = Debug|Any CPU
		{C588FD07-B5DD-4B49-9F3A-5CE3D3ADA9D9}.Release|Any CPU.ActiveCfg = Release|Any CPU
		{C588FD07-B5DD-4B49-9F3A-5CE3D3ADA9D9}.Release|Any CPU.Build.0 = Release|Any CPU
		{325A460F-FF6E-4639-9350-2AF0E4EB81FD}.Debug|Any CPU.ActiveCfg = Debug|Any CPU
		{325A460F-FF6E-4639-9350-2AF0E4EB81FD}.Debug|Any CPU.Build.0 = Debug|Any CPU
		{325A460F-FF6E-4639-9350-2AF0E4EB81FD}.Release|Any CPU.ActiveCfg = Release|Any CPU
		{325A460F-FF6E-4639-9350-2AF0E4EB81FD}.Release|Any CPU.Build.0 = Release|Any CPU
		{EA2ED369-2D37-4147-BB3A-C70A0DB67D8C}.Debug|Any CPU.ActiveCfg = Debug|Any CPU
		{EA2ED369-2D37-4147-BB3A-C70A0DB67D8C}.Debug|Any CPU.Build.0 = Debug|Any CPU
		{EA2ED369-2D37-4147-BB3A-C70A0DB67D8C}.Release|Any CPU.ActiveCfg = Release|Any CPU
		{EA2ED369-2D37-4147-BB3A-C70A0DB67D8C}.Release|Any CPU.Build.0 = Release|Any CPU
		{1C8000E7-90FD-477A-9555-FD9842699059}.Debug|Any CPU.ActiveCfg = Debug|Any CPU
		{1C8000E7-90FD-477A-9555-FD9842699059}.Debug|Any CPU.Build.0 = Debug|Any CPU
		{1C8000E7-90FD-477A-9555-FD9842699059}.Release|Any CPU.ActiveCfg = Release|Any CPU
		{1C8000E7-90FD-477A-9555-FD9842699059}.Release|Any CPU.Build.0 = Release|Any CPU
	EndGlobalSection
	GlobalSection(SolutionProperties) = preSolution
		HideSolutionNode = FALSE
	EndGlobalSection
	GlobalSection(ExtensibilityGlobals) = postSolution
		SolutionGuid = {E96CE3F1-25AD-4155-94EC-866F5F908C89}
	EndGlobalSection
EndGlobal
